{
  "name": "Upaye",
  "requires": true,
  "lockfileVersion": 1,
  "dependencies": {
    "prettier": {
      "version": "3.3.3",
      "resolved": "https://registry.npmjs.org/prettier/-/prettier-3.3.3.tgz",
      "integrity": "sha512-i2tDNA0O5IrMO757lfrdQZCc2jPNDVntV0m/+4whiDfWaTKfMNgR7Qz0NAeGz/nRqF4m5/6CLzbP4/liHt12Ew==",
      "dev": true
    },
    "turbo": {
      "version": "2.1.2",
      "resolved": "https://registry.npmjs.org/turbo/-/turbo-2.1.2.tgz",
      "integrity": "sha512-Jb0rbU4iHEVQ18An/YfakdIv9rKnd3zUfSE117EngrfWXFHo3RndVH96US3GsT8VHpwTncPePDBT2t06PaFLrw==",
      "dev": true,
      "requires": {
        "turbo-darwin-64": "2.1.2",
        "turbo-darwin-arm64": "2.1.2",
        "turbo-linux-64": "2.1.2",
        "turbo-linux-arm64": "2.1.2",
        "turbo-windows-64": "2.1.2",
        "turbo-windows-arm64": "2.1.2"
      }
    },
    "turbo-darwin-64": {
      "version": "2.1.2",
      "resolved": "https://registry.npmjs.org/turbo-darwin-64/-/turbo-darwin-64-2.1.2.tgz",
      "integrity": "sha512-3TEBxHWh99h2yIzkuIigMEOXt/ItYQp0aPiJjPd1xN4oDcsKK5AxiFKPH9pdtfIBzYsY59kQhZiFj0ELnSP7Bw==",
      "dev": true,
      "optional": true
    },
    "turbo-darwin-arm64": {
      "version": "2.1.2",
      "resolved": "https://registry.npmjs.org/turbo-darwin-arm64/-/turbo-darwin-arm64-2.1.2.tgz",
      "integrity": "sha512-he0miWNq2WxJzsH82jS2Z4MXpnkzn9SH8a79iPXiJkq25QREImucscM4RPasXm8wARp91pyysJMq6aasD45CeA==",
      "dev": true,
      "optional": true
    },
    "turbo-linux-64": {
      "version": "2.1.2",
      "resolved": "https://registry.npmjs.org/turbo-linux-64/-/turbo-linux-64-2.1.2.tgz",
      "integrity": "sha512-fKUBcc0rK8Vdqv5a/E3CSpMBLG1bzwv+Q0Q83F8fG2ZfNCNKGbcEYABdonNZkkx141Rj03cZQFCgxu3MVEGU+A==",
      "dev": true,
      "optional": true
    },
    "turbo-linux-arm64": {
      "version": "2.1.2",
      "resolved": "https://registry.npmjs.org/turbo-linux-arm64/-/turbo-linux-arm64-2.1.2.tgz",
      "integrity": "sha512-sV8Bpmm0WiuxgbhxymcC7wSsuxfBBieI98GegSwbr/bs1ANAgzCg93urIrdKdQ3/b31zZxQwcaP4FBF1wx1Qdg==",
      "dev": true,
      "optional": true
    },
    "turbo-windows-64": {
      "version": "2.1.2",
      "resolved": "https://registry.npmjs.org/turbo-windows-64/-/turbo-windows-64-2.1.2.tgz",
      "integrity": "sha512-wcmIJZI9ORT9ykHGliFE6kWRQrlH930QGSjSgWC8uFChFFuOyUlvC7ttcxuSvU9VqC7NF4C+GVAcFJQ8lTjN7g==",
      "dev": true,
      "optional": true
    },
    "turbo-windows-arm64": {
      "version": "2.1.2",
      "resolved": "https://registry.npmjs.org/turbo-windows-arm64/-/turbo-windows-arm64-2.1.2.tgz",
      "integrity": "sha512-zdnXjrhk7YO6CP+Q5wPueEvOCLH4lDa6C4rrwiakcWcPgcQGbVozJlo4uaQ6awo8HLWQEvOwu84RkWTdLAc/Hw==",
      "dev": true,
      "optional": true
    },
    "typescript": {
      "version": "5.6.2",
      "resolved": "https://registry.npmjs.org/typescript/-/typescript-5.6.2.tgz",
      "integrity": "sha512-NW8ByodCSNCwZeghjN3o+JX5OFH0Ojg6sadjEKY4huZ52TqbJTJnDo5+Tw98lSy63NZvi4n+ez5m2u5d4PkZyw==",
      "dev": true
    },
    "@next/swc-darwin-arm64": {
      "version": "14.2.6",
      "resolved": "https://registry.npmjs.org/@next/swc-darwin-arm64/-/swc-darwin-arm64-14.2.6.tgz",
      "integrity": "sha512-BtJZb+hYXGaVJJivpnDoi3JFVn80SHKCiiRUW3kk1SY6UCUy5dWFFSbh+tGi5lHAughzeduMyxbLt3pspvXNSg==",
      "optional": true
    },
    "@next/swc-darwin-x64": {
      "version": "14.2.6",
      "resolved": "https://registry.npmjs.org/@next/swc-darwin-x64/-/swc-darwin-x64-14.2.6.tgz",
      "integrity": "sha512-ZHRbGpH6KHarzm6qEeXKSElSXh8dS2DtDPjQt3IMwY8QVk7GbdDYjvV4NgSnDA9huGpGgnyy3tH8i5yHCqVkiQ==",
      "optional": true
    },
    "@next/swc-linux-arm64-gnu": {
      "version": "14.2.6",
      "resolved": "https://registry.npmjs.org/@next/swc-linux-arm64-gnu/-/swc-linux-arm64-gnu-14.2.6.tgz",
      "integrity": "sha512-O4HqUEe3ZvKshXHcDUXn1OybN4cSZg7ZdwHJMGCXSUEVUqGTJVsOh17smqilIjooP/sIJksgl+1kcf2IWMZWHg==",
      "optional": true
    },
    "@next/swc-linux-arm64-musl": {
      "version": "14.2.6",
      "resolved": "https://registry.npmjs.org/@next/swc-linux-arm64-musl/-/swc-linux-arm64-musl-14.2.6.tgz",
      "integrity": "sha512-xUcdhr2hfalG8RDDGSFxQ75yOG894UlmFS4K2M0jLrUhauRBGOtUOxoDVwiIIuZQwZ3Y5hDsazNjdYGB0cQ9yQ==",
      "optional": true
    },
    "@next/swc-linux-x64-gnu": {
      "version": "14.2.6",
      "resolved": "https://registry.npmjs.org/@next/swc-linux-x64-gnu/-/swc-linux-x64-gnu-14.2.6.tgz",
      "integrity": "sha512-InosKxw8UMcA/wEib5n2QttwHSKHZHNSbGcMepBM0CTcNwpxWzX32KETmwbhKod3zrS8n1vJ+DuJKbL9ZAB0Ag==",
      "optional": true
    },
    "@next/swc-linux-x64-musl": {
      "version": "14.2.6",
      "resolved": "https://registry.npmjs.org/@next/swc-linux-x64-musl/-/swc-linux-x64-musl-14.2.6.tgz",
      "integrity": "sha512-d4QXfJmt5pGJ7cG8qwxKSBnO5AXuKAFYxV7qyDRHnUNvY/dgDh+oX292gATpB2AAHgjdHd5ks1wXxIEj6muLUQ==",
      "optional": true
    },
    "@next/swc-win32-arm64-msvc": {
      "version": "14.2.6",
      "resolved": "https://registry.npmjs.org/@next/swc-win32-arm64-msvc/-/swc-win32-arm64-msvc-14.2.6.tgz",
      "integrity": "sha512-AlgIhk4/G+PzOG1qdF1b05uKTMsuRatFlFzAi5G8RZ9h67CVSSuZSbqGHbJDlcV1tZPxq/d4G0q6qcHDKWf4aQ==",
      "optional": true
    },
    "@next/swc-win32-ia32-msvc": {
      "version": "14.2.6",
      "resolved": "https://registry.npmjs.org/@next/swc-win32-ia32-msvc/-/swc-win32-ia32-msvc-14.2.6.tgz",
      "integrity": "sha512-hNukAxq7hu4o5/UjPp5jqoBEtrpCbOmnUqZSKNJG8GrUVzfq0ucdhQFVrHcLRMvQcwqqDh1a5AJN9ORnNDpgBQ==",
      "optional": true
    },
    "@next/swc-win32-x64-msvc": {
      "version": "14.2.6",
      "resolved": "https://registry.npmjs.org/@next/swc-win32-x64-msvc/-/swc-win32-x64-msvc-14.2.6.tgz",
      "integrity": "sha512-NANtw+ead1rSDK1jxmzq3TYkl03UNK2KHqUYf1nIhNci6NkeqBD4s1njSzYGIlSHxCK+wSaL8RXZm4v+NF/pMw==",
      "optional": true
    }
  }
}
